
Microsoft Visual Studio Solution File, Format Version 12.00
# Visual Studio Version 16
VisualStudioVersion = 16.0.29609.76
MinimumVisualStudioVersion = 10.0.40219.1
Project("{FAE04EC0-301F-11D3-BF4B-00C04F79EFBC}") = "CityGuide", "CityGuide.csproj", "{AB419C2A-404B-4320-A667-70936CE7293B}"
EndProject
Global
	GlobalSection(SolutionConfigurationPlatforms) = preSolution
		Debug|Any CPU = Debug|Any CPU
		Release|Any CPU = Release|Any CPU
	EndGlobalSection
	GlobalSection(ProjectConfigurationPlatforms) = postSolution
		{AB419C2A-404B-4320-A667-70936CE7293B}.Debug|Any CPU.ActiveCfg = Debug|Any CPU
		{AB419C2A-404B-4320-A667-70936CE7293B}.Debug|Any CPU.Build.0 = Debug|Any CPU
		{AB419C2A-404B-4320-A667-70936CE7293B}.Release|Any CPU.ActiveCfg = Release|Any CPU
		{AB419C2A-404B-4320-A667-70936CE7293B}.Release|Any CPU.Build.0 = Release|Any CPU
	EndGlobalSection
	GlobalSection(SolutionProperties) = preSolution
		HideSolutionNode = FALSE
	EndGlobalSection
	GlobalSection(ExtensibilityGlobals) = postSolution
		SolutionGuid = {CC1889C9-59DB-43CD-BAAD-9623C0852654}
	EndGlobalSection
EndGlobal
